
Microsoft Visual Studio Solution File, Format Version 12.00
# Visual Studio Version 17
VisualStudioVersion = 17.5.33627.172
MinimumVisualStudioVersion = 10.0.40219.1
Project("{FAE04EC0-301F-11D3-BF4B-00C04F79EFBC}") = "Surat Task", "WebApplicationtask3\Surat Task.csproj", "{752A59BA-B11E-461C-845C-7746B710947A}"
EndProject
Global
	GlobalSection(SolutionConfigurationPlatforms) = preSolution
		Debug|Any CPU = Debug|Any CPU
		Release|Any CPU = Release|Any CPU
	EndGlobalSection
	GlobalSection(ProjectConfigurationPlatforms) = postSolution
		{752A59BA-B11E-461C-845C-7746B710947A}.Debug|Any CPU.ActiveCfg = Debug|Any CPU
		{752A59BA-B11E-461C-845C-7746B710947A}.Debug|Any CPU.Build.0 = Debug|Any CPU
		{752A59BA-B11E-461C-845C-7746B710947A}.Release|Any CPU.ActiveCfg = Release|Any CPU
		{752A59BA-B11E-461C-845C-7746B710947A}.Release|Any CPU.Build.0 = Release|Any CPU
	EndGlobalSection
	GlobalSection(SolutionProperties) = preSolution
		HideSolutionNode = FALSE
	EndGlobalSection
	GlobalSection(ExtensibilityGlobals) = postSolution
		SolutionGuid = {906360F4-252F-45C9-B2B3-B1551AE3EC3E}
	EndGlobalSection
EndGlobal
